{
  "version": 4,
  "terraform_version": "1.9.8",
  "serial": 68,
  "lineage": "52949c91-7fb8-7d4c-05d1-0ca787fbdc65",
  "outputs": {
    "control_server_ip": {
      "value": "44.223.91.204",
      "type": "string"
    },
    "db_server_ip": {
      "value": "",
      "type": "string"
    },
    "web_server_1_ip": {
      "value": "44.215.102.253",
      "type": "string"
    },
    "web_server_2_ip": {
      "value": "3.223.125.165",
      "type": "string"
    }
  },
  "resources": [
    {
      "mode": "managed",
      "type": "aws_eip",
      "name": "nat_ip",
      "provider": "provider[\"registry.terraform.io/hashicorp/aws\"]",
      "instances": [
        {
          "schema_version": 0,
          "attributes": {
            "address": null,
            "allocation_id": "eipalloc-0ac3ebc1efd36bb56",
            "arn": "arn:aws:ec2:us-east-1:282629601946:elastic-ip/eipalloc-0ac3ebc1efd36bb56",
            "associate_with_private_ip": null,
            "association_id": "eipassoc-0a7182cd39a51da13",
            "carrier_ip": "",
            "customer_owned_ip": "",
            "customer_owned_ipv4_pool": "",
            "domain": "vpc",
            "id": "eipalloc-0ac3ebc1efd36bb56",
            "instance": "",
            "ipam_pool_id": null,
            "network_border_group": "us-east-1",
            "network_interface": "eni-0dcd4263968388228",
            "private_dns": "ip-10-0-1-199.ec2.internal",
            "private_ip": "10.0.1.199",
            "ptr_record": "",
            "public_dns": "ec2-44-223-176-111.compute-1.amazonaws.com",
            "public_ip": "44.223.176.111",
            "public_ipv4_pool": "amazon",
            "tags": {},
            "tags_all": {},
            "timeouts": null,
            "vpc": true
          },
          "sensitive_attributes": [],
          "private": "eyJlMmJmYjczMC1lY2FhLTExZTYtOGY4OC0zNDM2M2JjN2M0YzAiOnsiZGVsZXRlIjoxODAwMDAwMDAwMDAsInJlYWQiOjkwMDAwMDAwMDAwMCwidXBkYXRlIjozMDAwMDAwMDAwMDB9fQ=="
        }
      ]
    },
    {
      "mode": "managed",
      "type": "aws_instance",
      "name": "control_server",
      "provider": "provider[\"registry.terraform.io/hashicorp/aws\"]",
      "instances": [
        {
          "schema_version": 1,
          "attributes": {
            "ami": "ami-005fc0f236362e99f",
            "arn": "arn:aws:ec2:us-east-1:282629601946:instance/i-0a9b0b80c6173ba4e",
            "associate_public_ip_address": true,
            "availability_zone": "us-east-1a",
            "capacity_reservation_specification": [
              {
                "capacity_reservation_preference": "open",
                "capacity_reservation_target": []
              }
            ],
            "cpu_core_count": 1,
            "cpu_options": [
              {
                "amd_sev_snp": "",
                "core_count": 1,
                "threads_per_core": 1
              }
            ],
            "cpu_threads_per_core": 1,
            "credit_specification": [
              {
                "cpu_credits": "standard"
              }
            ],
            "disable_api_stop": false,
            "disable_api_termination": false,
            "ebs_block_device": [],
            "ebs_optimized": false,
            "enable_primary_ipv6": null,
            "enclave_options": [
              {
                "enabled": false
              }
            ],
            "ephemeral_block_device": [],
            "get_password_data": false,
            "hibernation": false,
            "host_id": "",
            "host_resource_group_arn": null,
            "iam_instance_profile": "",
            "id": "i-0a9b0b80c6173ba4e",
            "instance_initiated_shutdown_behavior": "stop",
            "instance_lifecycle": "",
            "instance_market_options": [],
            "instance_state": "running",
            "instance_type": "t2.micro",
            "ipv6_address_count": 0,
            "ipv6_addresses": [],
            "key_name": "control_key",
            "launch_template": [],
            "maintenance_options": [
              {
                "auto_recovery": "default"
              }
            ],
            "metadata_options": [
              {
                "http_endpoint": "enabled",
                "http_protocol_ipv6": "disabled",
                "http_put_response_hop_limit": 1,
                "http_tokens": "optional",
                "instance_metadata_tags": "disabled"
              }
            ],
            "monitoring": false,
            "network_interface": [],
            "outpost_arn": "",
            "password_data": "",
            "placement_group": "",
            "placement_partition_number": 0,
            "primary_network_interface_id": "eni-0afa06cb3afc31107",
            "private_dns": "ip-10-0-1-179.ec2.internal",
            "private_dns_name_options": [
              {
                "enable_resource_name_dns_a_record": false,
                "enable_resource_name_dns_aaaa_record": false,
                "hostname_type": "ip-name"
              }
            ],
            "private_ip": "10.0.1.179",
            "public_dns": "ec2-44-223-91-204.compute-1.amazonaws.com",
            "public_ip": "44.223.91.204",
            "root_block_device": [
              {
                "delete_on_termination": true,
                "device_name": "/dev/sda1",
                "encrypted": false,
                "iops": 100,
                "kms_key_id": "",
                "tags": {},
                "tags_all": {},
                "throughput": 0,
                "volume_id": "vol-0e4c9e5f8662525b7",
                "volume_size": 8,
                "volume_type": "gp2"
              }
            ],
            "secondary_private_ips": [],
            "security_groups": [],
            "source_dest_check": true,
            "spot_instance_request_id": "",
            "subnet_id": "subnet-03a358b392613ab43",
            "tags": {
              "Name": "Control Server"
            },
            "tags_all": {
              "Name": "Control Server"
            },
            "tenancy": "default",
            "timeouts": null,
            "user_data": "50cbe22eb1db77c0ef5e4c7153c6e7f610e3c3ea",
            "user_data_base64": null,
            "user_data_replace_on_change": false,
            "volume_tags": null,
            "vpc_security_group_ids": [
              "sg-093e860b5758a1ad4"
            ]
          },
          "sensitive_attributes": [],
          "private": "eyJlMmJmYjczMC1lY2FhLTExZTYtOGY4OC0zNDM2M2JjN2M0YzAiOnsiY3JlYXRlIjo2MDAwMDAwMDAwMDAsImRlbGV0ZSI6MTIwMDAwMDAwMDAwMCwicmVhZCI6OTAwMDAwMDAwMDAwLCJ1cGRhdGUiOjYwMDAwMDAwMDAwMH0sInNjaGVtYV92ZXJzaW9uIjoiMSJ9",
          "dependencies": [
            "aws_key_pair.control_key",
            "aws_security_group.web_sg",
            "aws_subnet.public_subnet",
            "aws_vpc.main_vpc",
            "tls_private_key.control_key"
          ]
        }
      ]
    },
    {
      "mode": "managed",
      "type": "aws_instance",
      "name": "db_server",
      "provider": "provider[\"registry.terraform.io/hashicorp/aws\"]",
      "instances": [
        {
          "schema_version": 1,
          "attributes": {
            "ami": "ami-005fc0f236362e99f",
            "arn": "arn:aws:ec2:us-east-1:282629601946:instance/i-05b2f289cda62b3c5",
            "associate_public_ip_address": false,
            "availability_zone": "us-east-1a",
            "capacity_reservation_specification": [
              {
                "capacity_reservation_preference": "open",
                "capacity_reservation_target": []
              }
            ],
            "cpu_core_count": 1,
            "cpu_options": [
              {
                "amd_sev_snp": "",
                "core_count": 1,
                "threads_per_core": 1
              }
            ],
            "cpu_threads_per_core": 1,
            "credit_specification": [
              {
                "cpu_credits": "standard"
              }
            ],
            "disable_api_stop": false,
            "disable_api_termination": false,
            "ebs_block_device": [],
            "ebs_optimized": false,
            "enable_primary_ipv6": null,
            "enclave_options": [
              {
                "enabled": false
              }
            ],
            "ephemeral_block_device": [],
            "get_password_data": false,
            "hibernation": false,
            "host_id": "",
            "host_resource_group_arn": null,
            "iam_instance_profile": "",
            "id": "i-05b2f289cda62b3c5",
            "instance_initiated_shutdown_behavior": "stop",
            "instance_lifecycle": "",
            "instance_market_options": [],
            "instance_state": "running",
            "instance_type": "t2.micro",
            "ipv6_address_count": 0,
            "ipv6_addresses": [],
            "key_name": "web_db_key",
            "launch_template": [],
            "maintenance_options": [
              {
                "auto_recovery": "default"
              }
            ],
            "metadata_options": [
              {
                "http_endpoint": "enabled",
                "http_protocol_ipv6": "disabled",
                "http_put_response_hop_limit": 1,
                "http_tokens": "optional",
                "instance_metadata_tags": "disabled"
              }
            ],
            "monitoring": false,
            "network_interface": [],
            "outpost_arn": "",
            "password_data": "",
            "placement_group": "",
            "placement_partition_number": 0,
            "primary_network_interface_id": "eni-0196acd578ba740cd",
            "private_dns": "ip-10-0-2-145.ec2.internal",
            "private_dns_name_options": [
              {
                "enable_resource_name_dns_a_record": false,
                "enable_resource_name_dns_aaaa_record": false,
                "hostname_type": "ip-name"
              }
            ],
            "private_ip": "10.0.2.145",
            "public_dns": "",
            "public_ip": "",
            "root_block_device": [
              {
                "delete_on_termination": true,
                "device_name": "/dev/sda1",
                "encrypted": false,
                "iops": 100,
                "kms_key_id": "",
                "tags": {},
                "tags_all": {},
                "throughput": 0,
                "volume_id": "vol-02f7abc37998badb3",
                "volume_size": 8,
                "volume_type": "gp2"
              }
            ],
            "secondary_private_ips": [],
            "security_groups": [],
            "source_dest_check": true,
            "spot_instance_request_id": "",
            "subnet_id": "subnet-0b83ca01ad23ba6b9",
            "tags": {
              "Name": "DB Server"
            },
            "tags_all": {
              "Name": "DB Server"
            },
            "tenancy": "default",
            "timeouts": null,
            "user_data": "2790e58521d630fc917c2505a7e3be090b2e62e3",
            "user_data_base64": null,
            "user_data_replace_on_change": false,
            "volume_tags": null,
            "vpc_security_group_ids": [
              "sg-093e860b5758a1ad4"
            ]
          },
          "sensitive_attributes": [],
          "private": "eyJlMmJmYjczMC1lY2FhLTExZTYtOGY4OC0zNDM2M2JjN2M0YzAiOnsiY3JlYXRlIjo2MDAwMDAwMDAwMDAsImRlbGV0ZSI6MTIwMDAwMDAwMDAwMCwicmVhZCI6OTAwMDAwMDAwMDAwLCJ1cGRhdGUiOjYwMDAwMDAwMDAwMH0sInNjaGVtYV92ZXJzaW9uIjoiMSJ9",
          "dependencies": [
            "aws_key_pair.web_db_key",
            "aws_security_group.web_sg",
            "aws_subnet.private_subnet",
            "aws_vpc.main_vpc",
            "tls_private_key.web_db_key"
          ]
        }
      ]
    },
    {
      "mode": "managed",
      "type": "aws_instance",
      "name": "web_server",
      "provider": "provider[\"registry.terraform.io/hashicorp/aws\"]",
      "instances": [
        {
          "index_key": 0,
          "schema_version": 1,
          "attributes": {
            "ami": "ami-005fc0f236362e99f",
            "arn": "arn:aws:ec2:us-east-1:282629601946:instance/i-0223439ca8dd4bc5a",
            "associate_public_ip_address": true,
            "availability_zone": "us-east-1a",
            "capacity_reservation_specification": [
              {
                "capacity_reservation_preference": "open",
                "capacity_reservation_target": []
              }
            ],
            "cpu_core_count": 1,
            "cpu_options": [
              {
                "amd_sev_snp": "",
                "core_count": 1,
                "threads_per_core": 1
              }
            ],
            "cpu_threads_per_core": 1,
            "credit_specification": [
              {
                "cpu_credits": "standard"
              }
            ],
            "disable_api_stop": false,
            "disable_api_termination": false,
            "ebs_block_device": [],
            "ebs_optimized": false,
            "enable_primary_ipv6": null,
            "enclave_options": [
              {
                "enabled": false
              }
            ],
            "ephemeral_block_device": [],
            "get_password_data": false,
            "hibernation": false,
            "host_id": "",
            "host_resource_group_arn": null,
            "iam_instance_profile": "",
            "id": "i-0223439ca8dd4bc5a",
            "instance_initiated_shutdown_behavior": "stop",
            "instance_lifecycle": "",
            "instance_market_options": [],
            "instance_state": "running",
            "instance_type": "t2.micro",
            "ipv6_address_count": 0,
            "ipv6_addresses": [],
            "key_name": "web_db_key",
            "launch_template": [],
            "maintenance_options": [
              {
                "auto_recovery": "default"
              }
            ],
            "metadata_options": [
              {
                "http_endpoint": "enabled",
                "http_protocol_ipv6": "disabled",
                "http_put_response_hop_limit": 1,
                "http_tokens": "optional",
                "instance_metadata_tags": "disabled"
              }
            ],
            "monitoring": false,
            "network_interface": [],
            "outpost_arn": "",
            "password_data": "",
            "placement_group": "",
            "placement_partition_number": 0,
            "primary_network_interface_id": "eni-09b823571e6847925",
            "private_dns": "ip-10-0-1-194.ec2.internal",
            "private_dns_name_options": [
              {
                "enable_resource_name_dns_a_record": false,
                "enable_resource_name_dns_aaaa_record": false,
                "hostname_type": "ip-name"
              }
            ],
            "private_ip": "10.0.1.194",
            "public_dns": "ec2-44-215-102-253.compute-1.amazonaws.com",
            "public_ip": "44.215.102.253",
            "root_block_device": [
              {
                "delete_on_termination": true,
                "device_name": "/dev/sda1",
                "encrypted": false,
                "iops": 100,
                "kms_key_id": "",
                "tags": {},
                "tags_all": {},
                "throughput": 0,
                "volume_id": "vol-0df228532cdd51d81",
                "volume_size": 8,
                "volume_type": "gp2"
              }
            ],
            "secondary_private_ips": [],
            "security_groups": [],
            "source_dest_check": true,
            "spot_instance_request_id": "",
            "subnet_id": "subnet-03a358b392613ab43",
            "tags": {
              "Name": "Web Server 1"
            },
            "tags_all": {
              "Name": "Web Server 1"
            },
            "tenancy": "default",
            "timeouts": null,
            "user_data": "1cbb4079adbf9fe6749a527a1a52fd10522e79dc",
            "user_data_base64": null,
            "user_data_replace_on_change": false,
            "volume_tags": null,
            "vpc_security_group_ids": [
              "sg-093e860b5758a1ad4"
            ]
          },
          "sensitive_attributes": [],
          "private": "eyJlMmJmYjczMC1lY2FhLTExZTYtOGY4OC0zNDM2M2JjN2M0YzAiOnsiY3JlYXRlIjo2MDAwMDAwMDAwMDAsImRlbGV0ZSI6MTIwMDAwMDAwMDAwMCwicmVhZCI6OTAwMDAwMDAwMDAwLCJ1cGRhdGUiOjYwMDAwMDAwMDAwMH0sInNjaGVtYV92ZXJzaW9uIjoiMSJ9",
          "dependencies": [
            "aws_key_pair.web_db_key",
            "aws_security_group.web_sg",
            "aws_subnet.public_subnet",
            "aws_vpc.main_vpc",
            "tls_private_key.web_db_key"
          ]
        },
        {
          "index_key": 1,
          "schema_version": 1,
          "attributes": {
            "ami": "ami-005fc0f236362e99f",
            "arn": "arn:aws:ec2:us-east-1:282629601946:instance/i-0f5b7f34038a8b092",
            "associate_public_ip_address": true,
            "availability_zone": "us-east-1a",
            "capacity_reservation_specification": [
              {
                "capacity_reservation_preference": "open",
                "capacity_reservation_target": []
              }
            ],
            "cpu_core_count": 1,
            "cpu_options": [
              {
                "amd_sev_snp": "",
                "core_count": 1,
                "threads_per_core": 1
              }
            ],
            "cpu_threads_per_core": 1,
            "credit_specification": [
              {
                "cpu_credits": "standard"
              }
            ],
            "disable_api_stop": false,
            "disable_api_termination": false,
            "ebs_block_device": [],
            "ebs_optimized": false,
            "enable_primary_ipv6": null,
            "enclave_options": [
              {
                "enabled": false
              }
            ],
            "ephemeral_block_device": [],
            "get_password_data": false,
            "hibernation": false,
            "host_id": "",
            "host_resource_group_arn": null,
            "iam_instance_profile": "",
            "id": "i-0f5b7f34038a8b092",
            "instance_initiated_shutdown_behavior": "stop",
            "instance_lifecycle": "",
            "instance_market_options": [],
            "instance_state": "running",
            "instance_type": "t2.micro",
            "ipv6_address_count": 0,
            "ipv6_addresses": [],
            "key_name": "web_db_key",
            "launch_template": [],
            "maintenance_options": [
              {
                "auto_recovery": "default"
              }
            ],
            "metadata_options": [
              {
                "http_endpoint": "enabled",
                "http_protocol_ipv6": "disabled",
                "http_put_response_hop_limit": 1,
                "http_tokens": "optional",
                "instance_metadata_tags": "disabled"
              }
            ],
            "monitoring": false,
            "network_interface": [],
            "outpost_arn": "",
            "password_data": "",
            "placement_group": "",
            "placement_partition_number": 0,
            "primary_network_interface_id": "eni-01f910364cf564599",
            "private_dns": "ip-10-0-1-76.ec2.internal",
            "private_dns_name_options": [
              {
                "enable_resource_name_dns_a_record": false,
                "enable_resource_name_dns_aaaa_record": false,
                "hostname_type": "ip-name"
              }
            ],
            "private_ip": "10.0.1.76",
            "public_dns": "ec2-3-223-125-165.compute-1.amazonaws.com",
            "public_ip": "3.223.125.165",
            "root_block_device": [
              {
                "delete_on_termination": true,
                "device_name": "/dev/sda1",
                "encrypted": false,
                "iops": 100,
                "kms_key_id": "",
                "tags": {},
                "tags_all": {},
                "throughput": 0,
                "volume_id": "vol-09f78f81bcffb1007",
                "volume_size": 8,
                "volume_type": "gp2"
              }
            ],
            "secondary_private_ips": [],
            "security_groups": [],
            "source_dest_check": true,
            "spot_instance_request_id": "",
            "subnet_id": "subnet-03a358b392613ab43",
            "tags": {
              "Name": "Web Server 2"
            },
            "tags_all": {
              "Name": "Web Server 2"
            },
            "tenancy": "default",
            "timeouts": null,
            "user_data": "1cbb4079adbf9fe6749a527a1a52fd10522e79dc",
            "user_data_base64": null,
            "user_data_replace_on_change": false,
            "volume_tags": null,
            "vpc_security_group_ids": [
              "sg-093e860b5758a1ad4"
            ]
          },
          "sensitive_attributes": [],
          "private": "eyJlMmJmYjczMC1lY2FhLTExZTYtOGY4OC0zNDM2M2JjN2M0YzAiOnsiY3JlYXRlIjo2MDAwMDAwMDAwMDAsImRlbGV0ZSI6MTIwMDAwMDAwMDAwMCwicmVhZCI6OTAwMDAwMDAwMDAwLCJ1cGRhdGUiOjYwMDAwMDAwMDAwMH0sInNjaGVtYV92ZXJzaW9uIjoiMSJ9",
          "dependencies": [
            "aws_key_pair.web_db_key",
            "aws_security_group.web_sg",
            "aws_subnet.public_subnet",
            "aws_vpc.main_vpc",
            "tls_private_key.web_db_key"
          ]
        }
      ]
    },
    {
      "mode": "managed",
      "type": "aws_internet_gateway",
      "name": "internet_gateway",
      "provider": "provider[\"registry.terraform.io/hashicorp/aws\"]",
      "instances": [
        {
          "schema_version": 0,
          "attributes": {
            "arn": "arn:aws:ec2:us-east-1:282629601946:internet-gateway/igw-09d358706542e893f",
            "id": "igw-09d358706542e893f",
            "owner_id": "282629601946",
            "tags": {
              "Name": "Internet Gateway"
            },
            "tags_all": {
              "Name": "Internet Gateway"
            },
            "timeouts": null,
            "vpc_id": "vpc-0c3ed489a34ef6f06"
          },
          "sensitive_attributes": [],
          "private": "eyJlMmJmYjczMC1lY2FhLTExZTYtOGY4OC0zNDM2M2JjN2M0YzAiOnsiY3JlYXRlIjoxMjAwMDAwMDAwMDAwLCJkZWxldGUiOjEyMDAwMDAwMDAwMDAsInVwZGF0ZSI6MTIwMDAwMDAwMDAwMH19",
          "dependencies": [
            "aws_vpc.main_vpc"
          ]
        }
      ]
    },
    {
      "mode": "managed",
      "type": "aws_key_pair",
      "name": "control_key",
      "provider": "provider[\"registry.terraform.io/hashicorp/aws\"]",
      "instances": [
        {
          "schema_version": 1,
          "attributes": {
            "arn": "arn:aws:ec2:us-east-1:282629601946:key-pair/control_key",
            "fingerprint": "ab:d3:4e:67:a5:c6:bd:aa:e0:4e:40:f8:99:2a:e8:0b",
            "id": "control_key",
            "key_name": "control_key",
            "key_name_prefix": "",
            "key_pair_id": "key-03a471fbeaf991760",
            "key_type": "rsa",
            "public_key": "ssh-rsa AAAAB3NzaC1yc2EAAAADAQABAAABAQDc5KdCftt45pUrAylzpCXmnTOVsXXmBx9B6y1pgxycTewF/89urZlGjLqliexNS6XHyPS2KkPtzlDTPLp2kLKA9LYOGbGiH+0k4LaecbjjFOSPIuRaZkxR3JIVLMYLN+sJY5eav4Fh6qus8n6mKdZl45abKhYMs9NuOS/6t+1y9WvrE+OILbqdaLXcpuCJITEgA6FqJFl7sgBtG7/wJZe6uc3HMLeTo8zElCn3zQiyNUYYZLR6jGrHs349G56A111Dj/1wAZ0NobeWtyQHkzMbM9EV5bM0czYTw7loje3x9Y9nxhghVUylwAXPr6DnhK72ilgoQK9ejgcr6G7M5hWB",
            "tags": {},
            "tags_all": {}
          },
          "sensitive_attributes": [],
          "private": "eyJzY2hlbWFfdmVyc2lvbiI6IjEifQ==",
          "dependencies": [
            "tls_private_key.control_key"
          ]
        }
      ]
    },
    {
      "mode": "managed",
      "type": "aws_key_pair",
      "name": "web_db_key",
      "provider": "provider[\"registry.terraform.io/hashicorp/aws\"]",
      "instances": [
        {
          "schema_version": 1,
          "attributes": {
            "arn": "arn:aws:ec2:us-east-1:282629601946:key-pair/web_db_key",
            "fingerprint": "c9:6c:bf:87:b7:06:1c:33:dc:1c:fa:6f:97:8d:9e:7c",
            "id": "web_db_key",
            "key_name": "web_db_key",
            "key_name_prefix": "",
            "key_pair_id": "key-0aa35014803c2919c",
            "key_type": "rsa",
            "public_key": "ssh-rsa AAAAB3NzaC1yc2EAAAADAQABAAABAQDEcfFcTKsL7FLiDapUZ7O33yt8vFCafnQ1f/z3cL5jgkNfWdRa9M/mjXXH/CO8xtYPSX73gmKf/UwykVVjntFmZkiUtymGMTmYSoj3aggGK59eoTZfbsDM9e7UDAI1J4rUIv0hhHH2W0lhkT7IPs04AjzO6a98ioNnP6XN7tNMJOBDoOmiR6MQz1Atsmrk1z1Z68lWMBB0dVq7cod7qaBzD7xXNeP7OORv7ojVk0PeBXJJ5oTNdsmDP0DVUipy0+lRG1vrcsqKY0Q2fo1C0KmSgFSQNNCzvQmT3Hd9qNuqEOzL/KARInjxb3ug2VeIOlJW7Ora+p6OoadmxX8PcffN",
            "tags": {},
            "tags_all": {}
          },
          "sensitive_attributes": [],
          "private": "eyJzY2hlbWFfdmVyc2lvbiI6IjEifQ==",
          "dependencies": [
            "tls_private_key.web_db_key"
          ]
        }
      ]
    },
    {
      "mode": "managed",
      "type": "aws_nat_gateway",
      "name": "nat_gateway",
      "provider": "provider[\"registry.terraform.io/hashicorp/aws\"]",
      "instances": [
        {
          "schema_version": 0,
          "attributes": {
            "allocation_id": "eipalloc-0ac3ebc1efd36bb56",
            "association_id": "eipassoc-0a7182cd39a51da13",
            "connectivity_type": "public",
            "id": "nat-0b649a36f24dd9603",
            "network_interface_id": "eni-0dcd4263968388228",
            "private_ip": "10.0.1.199",
            "public_ip": "44.223.176.111",
            "secondary_allocation_ids": [],
            "secondary_private_ip_address_count": 0,
            "secondary_private_ip_addresses": [],
            "subnet_id": "subnet-03a358b392613ab43",
            "tags": {
              "Name": "NAT Gateway"
            },
            "tags_all": {
              "Name": "NAT Gateway"
            },
            "timeouts": null
          },
          "sensitive_attributes": [],
          "private": "eyJlMmJmYjczMC1lY2FhLTExZTYtOGY4OC0zNDM2M2JjN2M0YzAiOnsiY3JlYXRlIjo2MDAwMDAwMDAwMDAsImRlbGV0ZSI6MTgwMDAwMDAwMDAwMCwidXBkYXRlIjo2MDAwMDAwMDAwMDB9fQ==",
          "dependencies": [
            "aws_eip.nat_ip",
            "aws_subnet.public_subnet",
            "aws_vpc.main_vpc"
          ]
        }
      ]
    },
    {
      "mode": "managed",
      "type": "aws_route",
      "name": "private_route",
      "provider": "provider[\"registry.terraform.io/hashicorp/aws\"]",
      "instances": [
        {
          "schema_version": 0,
          "attributes": {
            "carrier_gateway_id": "",
            "core_network_arn": "",
            "destination_cidr_block": "0.0.0.0/0",
            "destination_ipv6_cidr_block": "",
            "destination_prefix_list_id": "",
            "egress_only_gateway_id": "",
            "gateway_id": "",
            "id": "r-rtb-06f37311de259f31a1080289494",
            "instance_id": "",
            "instance_owner_id": "",
            "local_gateway_id": "",
            "nat_gateway_id": "nat-0b649a36f24dd9603",
            "network_interface_id": "",
            "origin": "CreateRoute",
            "route_table_id": "rtb-06f37311de259f31a",
            "state": "active",
            "timeouts": null,
            "transit_gateway_id": "",
            "vpc_endpoint_id": "",
            "vpc_peering_connection_id": ""
          },
          "sensitive_attributes": [],
          "private": "eyJlMmJmYjczMC1lY2FhLTExZTYtOGY4OC0zNDM2M2JjN2M0YzAiOnsiY3JlYXRlIjozMDAwMDAwMDAwMDAsImRlbGV0ZSI6MzAwMDAwMDAwMDAwLCJ1cGRhdGUiOjEyMDAwMDAwMDAwMH19",
          "dependencies": [
            "aws_eip.nat_ip",
            "aws_nat_gateway.nat_gateway",
            "aws_route_table.private_route_table",
            "aws_subnet.public_subnet",
            "aws_vpc.main_vpc"
          ]
        }
      ]
    },
    {
      "mode": "managed",
      "type": "aws_route",
      "name": "public_route",
      "provider": "provider[\"registry.terraform.io/hashicorp/aws\"]",
      "instances": [
        {
          "schema_version": 0,
          "attributes": {
            "carrier_gateway_id": "",
            "core_network_arn": "",
            "destination_cidr_block": "0.0.0.0/0",
            "destination_ipv6_cidr_block": "",
            "destination_prefix_list_id": "",
            "egress_only_gateway_id": "",
            "gateway_id": "igw-09d358706542e893f",
            "id": "r-rtb-05619e27f2a2f7ad71080289494",
            "instance_id": "",
            "instance_owner_id": "",
            "local_gateway_id": "",
            "nat_gateway_id": "",
            "network_interface_id": "",
            "origin": "CreateRoute",
            "route_table_id": "rtb-05619e27f2a2f7ad7",
            "state": "active",
            "timeouts": null,
            "transit_gateway_id": "",
            "vpc_endpoint_id": "",
            "vpc_peering_connection_id": ""
          },
          "sensitive_attributes": [],
          "private": "eyJlMmJmYjczMC1lY2FhLTExZTYtOGY4OC0zNDM2M2JjN2M0YzAiOnsiY3JlYXRlIjozMDAwMDAwMDAwMDAsImRlbGV0ZSI6MzAwMDAwMDAwMDAwLCJ1cGRhdGUiOjEyMDAwMDAwMDAwMH19",
          "dependencies": [
            "aws_internet_gateway.internet_gateway",
            "aws_route_table.public_route_table",
            "aws_vpc.main_vpc"
          ]
        }
      ]
    },
    {
      "mode": "managed",
      "type": "aws_route_table",
      "name": "private_route_table",
      "provider": "provider[\"registry.terraform.io/hashicorp/aws\"]",
      "instances": [
        {
          "schema_version": 0,
          "attributes": {
            "arn": "arn:aws:ec2:us-east-1:282629601946:route-table/rtb-06f37311de259f31a",
            "id": "rtb-06f37311de259f31a",
            "owner_id": "282629601946",
            "propagating_vgws": [],
            "route": [
              {
                "carrier_gateway_id": "",
                "cidr_block": "0.0.0.0/0",
                "core_network_arn": "",
                "destination_prefix_list_id": "",
                "egress_only_gateway_id": "",
                "gateway_id": "",
                "ipv6_cidr_block": "",
                "local_gateway_id": "",
                "nat_gateway_id": "nat-0b649a36f24dd9603",
                "network_interface_id": "",
                "transit_gateway_id": "",
                "vpc_endpoint_id": "",
                "vpc_peering_connection_id": ""
              }
            ],
            "tags": {},
            "tags_all": {},
            "timeouts": null,
            "vpc_id": "vpc-0c3ed489a34ef6f06"
          },
          "sensitive_attributes": [],
          "private": "eyJlMmJmYjczMC1lY2FhLTExZTYtOGY4OC0zNDM2M2JjN2M0YzAiOnsiY3JlYXRlIjozMDAwMDAwMDAwMDAsImRlbGV0ZSI6MzAwMDAwMDAwMDAwLCJ1cGRhdGUiOjEyMDAwMDAwMDAwMH19",
          "dependencies": [
            "aws_vpc.main_vpc"
          ]
        }
      ]
    },
    {
      "mode": "managed",
      "type": "aws_route_table",
      "name": "public_route_table",
      "provider": "provider[\"registry.terraform.io/hashicorp/aws\"]",
      "instances": [
        {
          "schema_version": 0,
          "attributes": {
            "arn": "arn:aws:ec2:us-east-1:282629601946:route-table/rtb-05619e27f2a2f7ad7",
            "id": "rtb-05619e27f2a2f7ad7",
            "owner_id": "282629601946",
            "propagating_vgws": [],
            "route": [
              {
                "carrier_gateway_id": "",
                "cidr_block": "0.0.0.0/0",
                "core_network_arn": "",
                "destination_prefix_list_id": "",
                "egress_only_gateway_id": "",
                "gateway_id": "igw-09d358706542e893f",
                "ipv6_cidr_block": "",
                "local_gateway_id": "",
                "nat_gateway_id": "",
                "network_interface_id": "",
                "transit_gateway_id": "",
                "vpc_endpoint_id": "",
                "vpc_peering_connection_id": ""
              }
            ],
            "tags": {},
            "tags_all": {},
            "timeouts": null,
            "vpc_id": "vpc-0c3ed489a34ef6f06"
          },
          "sensitive_attributes": [],
          "private": "eyJlMmJmYjczMC1lY2FhLTExZTYtOGY4OC0zNDM2M2JjN2M0YzAiOnsiY3JlYXRlIjozMDAwMDAwMDAwMDAsImRlbGV0ZSI6MzAwMDAwMDAwMDAwLCJ1cGRhdGUiOjEyMDAwMDAwMDAwMH19",
          "dependencies": [
            "aws_vpc.main_vpc"
          ]
        }
      ]
    },
    {
      "mode": "managed",
      "type": "aws_route_table_association",
      "name": "private_subnet_association",
      "provider": "provider[\"registry.terraform.io/hashicorp/aws\"]",
      "instances": [
        {
          "schema_version": 0,
          "attributes": {
            "gateway_id": "",
            "id": "rtbassoc-017e35bad29f54da7",
            "route_table_id": "rtb-06f37311de259f31a",
            "subnet_id": "subnet-0b83ca01ad23ba6b9",
            "timeouts": null
          },
          "sensitive_attributes": [],
          "private": "eyJlMmJmYjczMC1lY2FhLTExZTYtOGY4OC0zNDM2M2JjN2M0YzAiOnsiY3JlYXRlIjozMDAwMDAwMDAwMDAsImRlbGV0ZSI6MzAwMDAwMDAwMDAwLCJ1cGRhdGUiOjEyMDAwMDAwMDAwMH19",
          "dependencies": [
            "aws_route_table.private_route_table",
            "aws_subnet.private_subnet",
            "aws_vpc.main_vpc"
          ]
        }
      ]
    },
    {
      "mode": "managed",
      "type": "aws_route_table_association",
      "name": "public_subnet_association",
      "provider": "provider[\"registry.terraform.io/hashicorp/aws\"]",
      "instances": [
        {
          "schema_version": 0,
          "attributes": {
            "gateway_id": "",
            "id": "rtbassoc-05d0e400a5a2a4d29",
            "route_table_id": "rtb-05619e27f2a2f7ad7",
            "subnet_id": "subnet-03a358b392613ab43",
            "timeouts": null
          },
          "sensitive_attributes": [],
          "private": "eyJlMmJmYjczMC1lY2FhLTExZTYtOGY4OC0zNDM2M2JjN2M0YzAiOnsiY3JlYXRlIjozMDAwMDAwMDAwMDAsImRlbGV0ZSI6MzAwMDAwMDAwMDAwLCJ1cGRhdGUiOjEyMDAwMDAwMDAwMH19",
          "dependencies": [
            "aws_route_table.public_route_table",
            "aws_subnet.public_subnet",
            "aws_vpc.main_vpc"
          ]
        }
      ]
    },
    {
      "mode": "managed",
      "type": "aws_security_group",
      "name": "web_sg",
      "provider": "provider[\"registry.terraform.io/hashicorp/aws\"]",
      "instances": [
        {
          "schema_version": 1,
          "attributes": {
            "arn": "arn:aws:ec2:us-east-1:282629601946:security-group/sg-093e860b5758a1ad4",
            "description": "Managed by Terraform",
            "egress": [
              {
                "cidr_blocks": [
                  "0.0.0.0/0"
                ],
                "description": "",
                "from_port": 0,
                "ipv6_cidr_blocks": [],
                "prefix_list_ids": [],
                "protocol": "-1",
                "security_groups": [],
                "self": false,
                "to_port": 0
              }
            ],
            "id": "sg-093e860b5758a1ad4",
            "ingress": [
              {
                "cidr_blocks": [
                  "0.0.0.0/0"
                ],
                "description": null,
                "from_port": 80,
                "ipv6_cidr_blocks": [],
                "prefix_list_ids": [],
                "protocol": "tcp",
                "security_groups": [],
                "self": false,
                "to_port": 80
              }
            ],
            "name": "terraform-20241214074352482100000003",
            "name_prefix": "terraform-",
            "owner_id": "282629601946",
            "revoke_rules_on_delete": false,
            "tags": {
              "Name": "Web Security Group"
            },
            "tags_all": {
              "Name": "Web Security Group"
            },
            "timeouts": null,
            "vpc_id": "vpc-0c3ed489a34ef6f06"
          },
          "sensitive_attributes": [],
          "private": "eyJlMmJmYjczMC1lY2FhLTExZTYtOGY4OC0zNDM2M2JjN2M0YzAiOnsiY3JlYXRlIjo2MDAwMDAwMDAwMDAsImRlbGV0ZSI6OTAwMDAwMDAwMDAwfSwic2NoZW1hX3ZlcnNpb24iOiIxIn0=",
          "dependencies": [
            "aws_vpc.main_vpc"
          ]
        }
      ]
    },
    {
      "mode": "managed",
      "type": "aws_subnet",
      "name": "private_subnet",
      "provider": "provider[\"registry.terraform.io/hashicorp/aws\"]",
      "instances": [
        {
          "schema_version": 1,
          "attributes": {
            "arn": "arn:aws:ec2:us-east-1:282629601946:subnet/subnet-0b83ca01ad23ba6b9",
            "assign_ipv6_address_on_creation": false,
            "availability_zone": "us-east-1a",
            "availability_zone_id": "use1-az1",
            "cidr_block": "10.0.2.0/24",
            "customer_owned_ipv4_pool": "",
            "enable_dns64": false,
            "enable_lni_at_device_index": 0,
            "enable_resource_name_dns_a_record_on_launch": false,
            "enable_resource_name_dns_aaaa_record_on_launch": false,
            "id": "subnet-0b83ca01ad23ba6b9",
            "ipv6_cidr_block": "",
            "ipv6_cidr_block_association_id": "",
            "ipv6_native": false,
            "map_customer_owned_ip_on_launch": false,
            "map_public_ip_on_launch": false,
            "outpost_arn": "",
            "owner_id": "282629601946",
            "private_dns_hostname_type_on_launch": "ip-name",
            "tags": {
              "Name": "Private Subnet"
            },
            "tags_all": {
              "Name": "Private Subnet"
            },
            "timeouts": null,
            "vpc_id": "vpc-0c3ed489a34ef6f06"
          },
          "sensitive_attributes": [],
          "private": "eyJlMmJmYjczMC1lY2FhLTExZTYtOGY4OC0zNDM2M2JjN2M0YzAiOnsiY3JlYXRlIjo2MDAwMDAwMDAwMDAsImRlbGV0ZSI6MTIwMDAwMDAwMDAwMH0sInNjaGVtYV92ZXJzaW9uIjoiMSJ9",
          "dependencies": [
            "aws_vpc.main_vpc"
          ]
        }
      ]
    },
    {
      "mode": "managed",
      "type": "aws_subnet",
      "name": "public_subnet",
      "provider": "provider[\"registry.terraform.io/hashicorp/aws\"]",
      "instances": [
        {
          "schema_version": 1,
          "attributes": {
            "arn": "arn:aws:ec2:us-east-1:282629601946:subnet/subnet-03a358b392613ab43",
            "assign_ipv6_address_on_creation": false,
            "availability_zone": "us-east-1a",
            "availability_zone_id": "use1-az1",
            "cidr_block": "10.0.1.0/24",
            "customer_owned_ipv4_pool": "",
            "enable_dns64": false,
            "enable_lni_at_device_index": 0,
            "enable_resource_name_dns_a_record_on_launch": false,
            "enable_resource_name_dns_aaaa_record_on_launch": false,
            "id": "subnet-03a358b392613ab43",
            "ipv6_cidr_block": "",
            "ipv6_cidr_block_association_id": "",
            "ipv6_native": false,
            "map_customer_owned_ip_on_launch": false,
            "map_public_ip_on_launch": true,
            "outpost_arn": "",
            "owner_id": "282629601946",
            "private_dns_hostname_type_on_launch": "ip-name",
            "tags": {
              "Name": "Public Subnet"
            },
            "tags_all": {
              "Name": "Public Subnet"
            },
            "timeouts": null,
            "vpc_id": "vpc-0c3ed489a34ef6f06"
          },
          "sensitive_attributes": [],
          "private": "eyJlMmJmYjczMC1lY2FhLTExZTYtOGY4OC0zNDM2M2JjN2M0YzAiOnsiY3JlYXRlIjo2MDAwMDAwMDAwMDAsImRlbGV0ZSI6MTIwMDAwMDAwMDAwMH0sInNjaGVtYV92ZXJzaW9uIjoiMSJ9",
          "dependencies": [
            "aws_vpc.main_vpc"
          ]
        }
      ]
    },
    {
      "mode": "managed",
      "type": "aws_vpc",
      "name": "main_vpc",
      "provider": "provider[\"registry.terraform.io/hashicorp/aws\"]",
      "instances": [
        {
          "schema_version": 1,
          "attributes": {
            "arn": "arn:aws:ec2:us-east-1:282629601946:vpc/vpc-0c3ed489a34ef6f06",
            "assign_generated_ipv6_cidr_block": false,
            "cidr_block": "10.0.0.0/16",
            "default_network_acl_id": "acl-06857b01a34db5f23",
            "default_route_table_id": "rtb-04d3d1bec1ce2c11f",
            "default_security_group_id": "sg-0c47b25c9ee2601a8",
            "dhcp_options_id": "dopt-0698540896d9ac307",
            "enable_dns_hostnames": true,
            "enable_dns_support": true,
            "enable_network_address_usage_metrics": false,
            "id": "vpc-0c3ed489a34ef6f06",
            "instance_tenancy": "default",
            "ipv4_ipam_pool_id": null,
            "ipv4_netmask_length": null,
            "ipv6_association_id": "",
            "ipv6_cidr_block": "",
            "ipv6_cidr_block_network_border_group": "",
            "ipv6_ipam_pool_id": "",
            "ipv6_netmask_length": 0,
            "main_route_table_id": "rtb-04d3d1bec1ce2c11f",
            "owner_id": "282629601946",
            "tags": {
              "Name": "Ans-Terr-VPC"
            },
            "tags_all": {
              "Name": "Ans-Terr-VPC"
            }
          },
          "sensitive_attributes": [],
          "private": "eyJzY2hlbWFfdmVyc2lvbiI6IjEifQ=="
        }
      ]
    },
    {
      "mode": "managed",
      "type": "tls_private_key",
      "name": "control_key",
      "provider": "provider[\"registry.terraform.io/hashicorp/tls\"]",
      "instances": [
        {
          "schema_version": 1,
          "attributes": {
            "algorithm": "RSA",
            "ecdsa_curve": "P224",
            "id": "c3e61e676cfc5003904b3d935c6f58f0135f1ad0",
            "private_key_openssh": "-----BEGIN OPENSSH PRIVATE KEY-----\nb3BlbnNzaC1rZXktdjEAAAAABG5vbmUAAAAEbm9uZQAAAAAAAAABAAABFwAAAAdz\nc2gtcnNhAAAAAwEAAQAAAQEA3OSnQn7beOaVKwMpc6Ql5p0zlbF15gcfQestaYMc\nnE3sBf/Pbq2ZRoy6pYnsTUulx8j0tipD7c5Q0zy6dpCygPS2Dhmxoh/tJOC2nnG4\n4xTkjyLkWmZMUdySFSzGCzfrCWOXmr+BYeqrrPJ+pinWZeOWmyoWDLPTbjkv+rft\ncvVr6xPjiC26nWi13KbgiSExIAOhaiRZe7IAbRu/8CWXurnNxzC3k6PMxJQp980I\nsjVGGGS0eoxqx7N+PRuegNddQ4/9cAGdDaG3lrckB5MzGzPRFeWzNHM2E8O5aI3t\n8fWPZ8YYIVVMpcAFz6+g54Su9opYKECvXo4HK+huzOYVgQAAA7gwrFu2MKxbtgAA\nAAdzc2gtcnNhAAABAQDc5KdCftt45pUrAylzpCXmnTOVsXXmBx9B6y1pgxycTewF\n/89urZlGjLqliexNS6XHyPS2KkPtzlDTPLp2kLKA9LYOGbGiH+0k4LaecbjjFOSP\nIuRaZkxR3JIVLMYLN+sJY5eav4Fh6qus8n6mKdZl45abKhYMs9NuOS/6t+1y9Wvr\nE+OILbqdaLXcpuCJITEgA6FqJFl7sgBtG7/wJZe6uc3HMLeTo8zElCn3zQiyNUYY\nZLR6jGrHs349G56A111Dj/1wAZ0NobeWtyQHkzMbM9EV5bM0czYTw7loje3x9Y9n\nxhghVUylwAXPr6DnhK72ilgoQK9ejgcr6G7M5hWBAAAAAwEAAQAAAQEAuHfTHnrm\nOd8GL3dihIpOhHo/fAFJHiJQfjIyKG0v1XBVbOUmi5055Wrc7CV0S1CjT2aIxiAh\nvlSPtvh+F0nbaEn0R245o9TZq/RlTYhXCHyIKujOnpfToIF9FWXgtbmq9JpRHxBS\nsjzRxYp1Lbq+qzQWr9nDtDPwm5nycYRsLZUs15yRnzwiDDk4pZFxqxUPPsd9oPZB\nnVjv3rzdFpxX7WKEPQYGxeaaFht0lz01/Ua5/oh3OuwH/HBFic19QDvoshJ9+VTe\nBGZm2QpHbCKAE/Gi/YG0KNCBhdBr56j2A6kRVWUCHiHrnViPKNWPEpY5ViJ2g1Qn\nMqD8XAbdlgVfqQAAAIALzFXh0YeJYUuiVUeJI7Z7LXJSizlXf5kegwTVn+fkvYxd\nlCcU/QB6aytRyKM/xVAElxVLBL9/lUwL95pSJVcPOCoS5+Lpcx0ZRkZG9tnGLmRJ\nDoxOr5TfkqxIkkZL3I+d0rYmdZ2MtdO6mW5EBa8S/Xawfcdjx/QLf+1yYVk9JAAA\nAIEA/cbgZw2hnUqxOk2VNgwHH6mCrzCvLaU1DOaZb1IJqEYt7YKMxceGbWGK5YOm\n2VwJddyYzq8tXBijD1D5zxvR8dtyV2RoXbchtinCTCQgkf2qPaBAm909/NRSwQJX\nA9MSH4GT6yrTrEf6qvUxuBVCV5bDNQqn+78cHfzDksu4/pcAAACBAN7UCAkpDC2/\ntMGbA9L5h4xl3fYRNoScBEQQdGU9EBbjTsVWUfVHGUQMVggJKCJldpdqKGRLub//\nIe/HLMm6DYaob3LbATZ2oe4s9Be+biqARYX0dU6sU3nmGeUn1y+ptjg8FTIyRn6b\ng2GGxTuHQQD/Yn4tpYZg2YW8UJYn6SenAAAAAAEC\n-----END OPENSSH PRIVATE KEY-----\n",
            "private_key_pem": "-----BEGIN RSA PRIVATE KEY-----\nMIIEpAIBAAKCAQEA3OSnQn7beOaVKwMpc6Ql5p0zlbF15gcfQestaYMcnE3sBf/P\nbq2ZRoy6pYnsTUulx8j0tipD7c5Q0zy6dpCygPS2Dhmxoh/tJOC2nnG44xTkjyLk\nWmZMUdySFSzGCzfrCWOXmr+BYeqrrPJ+pinWZeOWmyoWDLPTbjkv+rftcvVr6xPj\niC26nWi13KbgiSExIAOhaiRZe7IAbRu/8CWXurnNxzC3k6PMxJQp980IsjVGGGS0\neoxqx7N+PRuegNddQ4/9cAGdDaG3lrckB5MzGzPRFeWzNHM2E8O5aI3t8fWPZ8YY\nIVVMpcAFz6+g54Su9opYKECvXo4HK+huzOYVgQIDAQABAoIBAQC4d9MeeuY53wYv\nd2KEik6Eej98AUkeIlB+MjIobS/VcFVs5SaLnTnlatzsJXRLUKNPZojGICG+VI+2\n+H4XSdtoSfRHbjmj1Nmr9GVNiFcIfIgq6M6el9OggX0VZeC1uar0mlEfEFKyPNHF\ninUtur6rNBav2cO0M/CbmfJxhGwtlSzXnJGfPCIMOTilkXGrFQ8+x32g9kGdWO/e\nvN0WnFftYoQ9BgbF5poWG3SXPTX9Rrn+iHc67Af8cEWJzX1AO+iyEn35VN4EZmbZ\nCkdsIoAT8aL9gbQo0IGF0GvnqPYDqRFVZQIeIeudWI8o1Y8SljlWInaDVCcyoPxc\nBt2WBV+pAoGBAP3G4GcNoZ1KsTpNlTYMBx+pgq8wry2lNQzmmW9SCahGLe2CjMXH\nhm1hiuWDptlcCXXcmM6vLVwYow9Q+c8b0fHbcldkaF23IbYpwkwkIJH9qj2gQJvd\nPfzUUsECVwPTEh+Bk+sq06xH+qr1MbgVQleWwzUKp/u/HB38w5LLuP6XAoGBAN7U\nCAkpDC2/tMGbA9L5h4xl3fYRNoScBEQQdGU9EBbjTsVWUfVHGUQMVggJKCJldpdq\nKGRLub//Ie/HLMm6DYaob3LbATZ2oe4s9Be+biqARYX0dU6sU3nmGeUn1y+ptjg8\nFTIyRn6bg2GGxTuHQQD/Yn4tpYZg2YW8UJYn6SenAoGACAf1Lg22YZ3tgeTWpgE3\ncH8SzayCvrUNurzJekZkW9jstyl8fv3TeT6vAJhr/VD2U66Jf3D3xIRbFK8BWNaO\njFLfiXh5/Q1Amd00cuhpx3T5oD2kDcqwnYGypL0IN+zEFA8ruTN/w2H7wtFDo4m4\nscDpqJIPwt3HbAOFxO2Biz0CgYEAgQ1D6io/x28z/L0Ope2mt4V32790V7EUN2dg\nQhHvc5IKWPf5V5jp5SNP4C+Ncv5YhLES26OP3MainQA5zEtY8hgzE84LEcP7XLnk\nVKwRmcPYgBBosDvVzM+bR8CfPBeKVV9W10+OzFy85orrR+K5nx5JqNI+/2iwEmhS\nM+TBgBkCgYALzFXh0YeJYUuiVUeJI7Z7LXJSizlXf5kegwTVn+fkvYxdlCcU/QB6\naytRyKM/xVAElxVLBL9/lUwL95pSJVcPOCoS5+Lpcx0ZRkZG9tnGLmRJDoxOr5Tf\nkqxIkkZL3I+d0rYmdZ2MtdO6mW5EBa8S/Xawfcdjx/QLf+1yYVk9JA==\n-----END RSA PRIVATE KEY-----\n",
            "private_key_pem_pkcs8": "-----BEGIN PRIVATE KEY-----\nMIIEvgIBADANBgkqhkiG9w0BAQEFAASCBKgwggSkAgEAAoIBAQDc5KdCftt45pUr\nAylzpCXmnTOVsXXmBx9B6y1pgxycTewF/89urZlGjLqliexNS6XHyPS2KkPtzlDT\nPLp2kLKA9LYOGbGiH+0k4LaecbjjFOSPIuRaZkxR3JIVLMYLN+sJY5eav4Fh6qus\n8n6mKdZl45abKhYMs9NuOS/6t+1y9WvrE+OILbqdaLXcpuCJITEgA6FqJFl7sgBt\nG7/wJZe6uc3HMLeTo8zElCn3zQiyNUYYZLR6jGrHs349G56A111Dj/1wAZ0NobeW\ntyQHkzMbM9EV5bM0czYTw7loje3x9Y9nxhghVUylwAXPr6DnhK72ilgoQK9ejgcr\n6G7M5hWBAgMBAAECggEBALh30x565jnfBi93YoSKToR6P3wBSR4iUH4yMihtL9Vw\nVWzlJoudOeVq3OwldEtQo09miMYgIb5Uj7b4fhdJ22hJ9EduOaPU2av0ZU2IVwh8\niCrozp6X06CBfRVl4LW5qvSaUR8QUrI80cWKdS26vqs0Fq/Zw7Qz8JuZ8nGEbC2V\nLNeckZ88Igw5OKWRcasVDz7HfaD2QZ1Y79683RacV+1ihD0GBsXmmhYbdJc9Nf1G\nuf6IdzrsB/xwRYnNfUA76LISfflU3gRmZtkKR2wigBPxov2BtCjQgYXQa+eo9gOp\nEVVlAh4h651YjyjVjxKWOVYidoNUJzKg/FwG3ZYFX6kCgYEA/cbgZw2hnUqxOk2V\nNgwHH6mCrzCvLaU1DOaZb1IJqEYt7YKMxceGbWGK5YOm2VwJddyYzq8tXBijD1D5\nzxvR8dtyV2RoXbchtinCTCQgkf2qPaBAm909/NRSwQJXA9MSH4GT6yrTrEf6qvUx\nuBVCV5bDNQqn+78cHfzDksu4/pcCgYEA3tQICSkMLb+0wZsD0vmHjGXd9hE2hJwE\nRBB0ZT0QFuNOxVZR9UcZRAxWCAkoImV2l2ooZEu5v/8h78csyboNhqhvctsBNnah\n7iz0F75uKoBFhfR1TqxTeeYZ5SfXL6m2ODwVMjJGfpuDYYbFO4dBAP9ifi2lhmDZ\nhbxQlifpJ6cCgYAIB/UuDbZhne2B5NamATdwfxLNrIK+tQ26vMl6RmRb2Oy3KXx+\n/dN5Pq8AmGv9UPZTrol/cPfEhFsUrwFY1o6MUt+JeHn9DUCZ3TRy6GnHdPmgPaQN\nyrCdgbKkvQg37MQUDyu5M3/DYfvC0UOjibixwOmokg/C3cdsA4XE7YGLPQKBgQCB\nDUPqKj/HbzP8vQ6l7aa3hXfbv3RXsRQ3Z2BCEe9zkgpY9/lXmOnlI0/gL41y/liE\nsRLbo4/cxqKdADnMS1jyGDMTzgsRw/tcueRUrBGZw9iAEGiwO9XMz5tHwJ88F4pV\nX1bXT47MXLzmiutH4rmfHkmo0j7/aLASaFIz5MGAGQKBgAvMVeHRh4lhS6JVR4kj\ntnstclKLOVd/mR6DBNWf5+S9jF2UJxT9AHprK1HIoz/FUASXFUsEv3+VTAv3mlIl\nVw84KhLn4ulzHRlGRkb22cYuZEkOjE6vlN+SrEiSRkvcj53StiZ1nYy107qZbkQF\nrxL9drB9x2PH9At/7XJhWT0k\n-----END PRIVATE KEY-----\n",
            "public_key_fingerprint_md5": "ec:c6:2a:62:8e:1d:db:f2:07:6d:4b:4f:b0:b6:bd:09",
            "public_key_fingerprint_sha256": "SHA256:BY+S5EAgmBiEpNqWWMy/0oSjTGg0a6AIgrx8U+tjcF0",
            "public_key_openssh": "ssh-rsa AAAAB3NzaC1yc2EAAAADAQABAAABAQDc5KdCftt45pUrAylzpCXmnTOVsXXmBx9B6y1pgxycTewF/89urZlGjLqliexNS6XHyPS2KkPtzlDTPLp2kLKA9LYOGbGiH+0k4LaecbjjFOSPIuRaZkxR3JIVLMYLN+sJY5eav4Fh6qus8n6mKdZl45abKhYMs9NuOS/6t+1y9WvrE+OILbqdaLXcpuCJITEgA6FqJFl7sgBtG7/wJZe6uc3HMLeTo8zElCn3zQiyNUYYZLR6jGrHs349G56A111Dj/1wAZ0NobeWtyQHkzMbM9EV5bM0czYTw7loje3x9Y9nxhghVUylwAXPr6DnhK72ilgoQK9ejgcr6G7M5hWB\n",
            "public_key_pem": "-----BEGIN PUBLIC KEY-----\nMIIBIjANBgkqhkiG9w0BAQEFAAOCAQ8AMIIBCgKCAQEA3OSnQn7beOaVKwMpc6Ql\n5p0zlbF15gcfQestaYMcnE3sBf/Pbq2ZRoy6pYnsTUulx8j0tipD7c5Q0zy6dpCy\ngPS2Dhmxoh/tJOC2nnG44xTkjyLkWmZMUdySFSzGCzfrCWOXmr+BYeqrrPJ+pinW\nZeOWmyoWDLPTbjkv+rftcvVr6xPjiC26nWi13KbgiSExIAOhaiRZe7IAbRu/8CWX\nurnNxzC3k6PMxJQp980IsjVGGGS0eoxqx7N+PRuegNddQ4/9cAGdDaG3lrckB5Mz\nGzPRFeWzNHM2E8O5aI3t8fWPZ8YYIVVMpcAFz6+g54Su9opYKECvXo4HK+huzOYV\ngQIDAQAB\n-----END PUBLIC KEY-----\n",
            "rsa_bits": 2048
          },
          "sensitive_attributes": [
            [
              {
                "type": "get_attr",
                "value": "private_key_pem"
              }
            ],
            [
              {
                "type": "get_attr",
                "value": "private_key_pem_pkcs8"
              }
            ],
            [
              {
                "type": "get_attr",
                "value": "private_key_openssh"
              }
            ]
          ]
        }
      ]
    },
    {
      "mode": "managed",
      "type": "tls_private_key",
      "name": "web_db_key",
      "provider": "provider[\"registry.terraform.io/hashicorp/tls\"]",
      "instances": [
        {
          "schema_version": 1,
          "attributes": {
            "algorithm": "RSA",
            "ecdsa_curve": "P224",
            "id": "310caf4d8e2b50aa5c4d393e1d6765af756bade8",
            "private_key_openssh": "-----BEGIN OPENSSH PRIVATE KEY-----\nb3BlbnNzaC1rZXktdjEAAAAABG5vbmUAAAAEbm9uZQAAAAAAAAABAAABFwAAAAdz\nc2gtcnNhAAAAAwEAAQAAAQEAxHHxXEyrC+xS4g2qVGezt98rfLxQmn50NX/893C+\nY4JDX1nUWvTP5o11x/wjvMbWD0l+94Jin/1MMpFVY57RZmZIlLcphjE5mEqI92oI\nBiufXqE2X27AzPXu1AwCNSeK1CL9IYRx9ltJYZE+yD7NOAI8zumvfIqDZz+lze7T\nTCTgQ6DpokejEM9QLbJq5Nc9WevJVjAQdHVau3KHe6mgcw+8VzXj+zjkb+6I1ZND\n3gVySeaEzXbJgz9A1VIqctPpURtb63LKimNENn6NQtCpkoBUkDTQs70Jk9x3fajb\nqhDsy/ygESJ48W97oNlXiDpSVuzq2vqejqGnZsV/D3H3zQAAA7jCEGvwwhBr8AAA\nAAdzc2gtcnNhAAABAQDEcfFcTKsL7FLiDapUZ7O33yt8vFCafnQ1f/z3cL5jgkNf\nWdRa9M/mjXXH/CO8xtYPSX73gmKf/UwykVVjntFmZkiUtymGMTmYSoj3aggGK59e\noTZfbsDM9e7UDAI1J4rUIv0hhHH2W0lhkT7IPs04AjzO6a98ioNnP6XN7tNMJOBD\noOmiR6MQz1Atsmrk1z1Z68lWMBB0dVq7cod7qaBzD7xXNeP7OORv7ojVk0PeBXJJ\n5oTNdsmDP0DVUipy0+lRG1vrcsqKY0Q2fo1C0KmSgFSQNNCzvQmT3Hd9qNuqEOzL\n/KARInjxb3ug2VeIOlJW7Ora+p6OoadmxX8PcffNAAAAAwEAAQAAAQAs22vmzKb+\nOP+QGNi9H1T9dptih0nMjXWRxeEIy5jd9h/WRRflkSNsHP85JE0wzSKSKREyCXbl\n25wrq94YumpMfKy0MMLtno3tRY/TF0YvyoRAwoU883hZFQttJjTW2GmuGTM+FRVE\n0QGHovf4F8catAAYq2nkAWkSCYmd5ZwgNaD59S6CCotViZPIdDE84IqqIGcjYISx\n9EFGvJhhVPDlaxwPPFYHnRJQVGC2UAzEB3WBc43hc40H+BAO/qpYwzqlvz3c4Xce\nG68oH29PxlSm181Mfi5rFmk/hViFNtKw0B+Yf7bkgjsr8iBfPWtdz3tWZXQOnNJ2\n14X1i72M0rVhAAAAgG2m0DAfyCxfgJMi2CA7mZZVkoeqs6HacE9ciB+FeNKfniq/\nrb0p7FhtcM4YCp92ftztkJXHrOb6qhjoGD63hr1a5mIITyDfsRJPRmEWCMNAbzCV\nIbsCGNwRXlNHF087Dhs+YAtOLI2egDVeFxNepnw7Lgt07W1TDptVTuh8r2NbAAAA\ngQDYnJaHOD3lmWm4zDlaoLD+hkSFmHgn5ytO/YYQCua9ZlAV0wF+qig0DM+HvJpo\nov/rXCLeXcsitieLZiXUrJ4OrGv6kNFBGuJwhjMAifkmsGlV4GTELMyI4c83bv2s\nRMjJtBhsR+ejExdBBT0+IAIK4gEizRmdbs70cAZx6gbaGQAAAIEA6CqWZNKKkDfU\njmY2O7/82vbXKJRgrkL/B5FqISf3n2MaQX8DvXe9zxHNO+6wTlbiZeoi+rzDMvat\nVutfJyJnrbRobcnV1OrG0pAbhiqodftZNkcynlsqqMtkv+tfN2hhmg8X5EVWAZKk\nllgcWqFtRdVsPn/CbwFxJMXTnKBkqdUAAAAAAQID\n-----END OPENSSH PRIVATE KEY-----\n",
            "private_key_pem": "-----BEGIN RSA PRIVATE KEY-----\nMIIEowIBAAKCAQEAxHHxXEyrC+xS4g2qVGezt98rfLxQmn50NX/893C+Y4JDX1nU\nWvTP5o11x/wjvMbWD0l+94Jin/1MMpFVY57RZmZIlLcphjE5mEqI92oIBiufXqE2\nX27AzPXu1AwCNSeK1CL9IYRx9ltJYZE+yD7NOAI8zumvfIqDZz+lze7TTCTgQ6Dp\nokejEM9QLbJq5Nc9WevJVjAQdHVau3KHe6mgcw+8VzXj+zjkb+6I1ZND3gVySeaE\nzXbJgz9A1VIqctPpURtb63LKimNENn6NQtCpkoBUkDTQs70Jk9x3fajbqhDsy/yg\nESJ48W97oNlXiDpSVuzq2vqejqGnZsV/D3H3zQIDAQABAoIBACzba+bMpv44/5AY\n2L0fVP12m2KHScyNdZHF4QjLmN32H9ZFF+WRI2wc/zkkTTDNIpIpETIJduXbnCur\n3hi6akx8rLQwwu2eje1Fj9MXRi/KhEDChTzzeFkVC20mNNbYaa4ZMz4VFUTRAYei\n9/gXxxq0ABiraeQBaRIJiZ3lnCA1oPn1LoIKi1WJk8h0MTzgiqogZyNghLH0QUa8\nmGFU8OVrHA88VgedElBUYLZQDMQHdYFzjeFzjQf4EA7+qljDOqW/Pdzhdx4brygf\nb0/GVKbXzUx+LmsWaT+FWIU20rDQH5h/tuSCOyvyIF89a13Pe1ZldA6c0nbXhfWL\nvYzStWECgYEA2JyWhzg95ZlpuMw5WqCw/oZEhZh4J+crTv2GEArmvWZQFdMBfqoo\nNAzPh7yaaKL/61wi3l3LIrYni2Yl1KyeDqxr+pDRQRricIYzAIn5JrBpVeBkxCzM\niOHPN279rETIybQYbEfnoxMXQQU9PiACCuIBIs0ZnW7O9HAGceoG2hkCgYEA6CqW\nZNKKkDfUjmY2O7/82vbXKJRgrkL/B5FqISf3n2MaQX8DvXe9zxHNO+6wTlbiZeoi\n+rzDMvatVutfJyJnrbRobcnV1OrG0pAbhiqodftZNkcynlsqqMtkv+tfN2hhmg8X\n5EVWAZKkllgcWqFtRdVsPn/CbwFxJMXTnKBkqdUCgYAizo61rcjscwl1A4QX1wh5\n7dNm8EgmiVQBPmXjgAzx1FX8G8r6spcBPim+8wSQ2dhr1oNX3hR9QG38TW64zQAc\n9YHoYortfkdys23QoVsi52gVv5gRme1H9ZkZnEExBGCLYOAnziofnzq2XQQpTnVl\nkEmEcRazoJGq37F5bpSpSQKBgQDi3sr8VymEaKpTRNp2ZNQIfPIf+27Gmz1v/c+B\n+vZlUIiVvDLBcUOQF8tAZ6ztwMWX5cas0szE/nzA1Vy0d1BtVEBAGN3WJF6J4Lyk\nzQa11BqHieeTC2+SZr9bM/xlvqCx1VH5hS/YdZ5UNGHwxpJrjXUrVdmAdB5GWvLA\nuZPkyQKBgG2m0DAfyCxfgJMi2CA7mZZVkoeqs6HacE9ciB+FeNKfniq/rb0p7Fht\ncM4YCp92ftztkJXHrOb6qhjoGD63hr1a5mIITyDfsRJPRmEWCMNAbzCVIbsCGNwR\nXlNHF087Dhs+YAtOLI2egDVeFxNepnw7Lgt07W1TDptVTuh8r2Nb\n-----END RSA PRIVATE KEY-----\n",
            "private_key_pem_pkcs8": "-----BEGIN PRIVATE KEY-----\nMIIEvQIBADANBgkqhkiG9w0BAQEFAASCBKcwggSjAgEAAoIBAQDEcfFcTKsL7FLi\nDapUZ7O33yt8vFCafnQ1f/z3cL5jgkNfWdRa9M/mjXXH/CO8xtYPSX73gmKf/Uwy\nkVVjntFmZkiUtymGMTmYSoj3aggGK59eoTZfbsDM9e7UDAI1J4rUIv0hhHH2W0lh\nkT7IPs04AjzO6a98ioNnP6XN7tNMJOBDoOmiR6MQz1Atsmrk1z1Z68lWMBB0dVq7\ncod7qaBzD7xXNeP7OORv7ojVk0PeBXJJ5oTNdsmDP0DVUipy0+lRG1vrcsqKY0Q2\nfo1C0KmSgFSQNNCzvQmT3Hd9qNuqEOzL/KARInjxb3ug2VeIOlJW7Ora+p6Ooadm\nxX8PcffNAgMBAAECggEALNtr5sym/jj/kBjYvR9U/XabYodJzI11kcXhCMuY3fYf\n1kUX5ZEjbBz/OSRNMM0ikikRMgl25ducK6veGLpqTHystDDC7Z6N7UWP0xdGL8qE\nQMKFPPN4WRULbSY01thprhkzPhUVRNEBh6L3+BfHGrQAGKtp5AFpEgmJneWcIDWg\n+fUuggqLVYmTyHQxPOCKqiBnI2CEsfRBRryYYVTw5WscDzxWB50SUFRgtlAMxAd1\ngXON4XONB/gQDv6qWMM6pb893OF3HhuvKB9vT8ZUptfNTH4uaxZpP4VYhTbSsNAf\nmH+25II7K/IgXz1rXc97VmV0DpzSdteF9Yu9jNK1YQKBgQDYnJaHOD3lmWm4zDla\noLD+hkSFmHgn5ytO/YYQCua9ZlAV0wF+qig0DM+HvJpoov/rXCLeXcsitieLZiXU\nrJ4OrGv6kNFBGuJwhjMAifkmsGlV4GTELMyI4c83bv2sRMjJtBhsR+ejExdBBT0+\nIAIK4gEizRmdbs70cAZx6gbaGQKBgQDoKpZk0oqQN9SOZjY7v/za9tcolGCuQv8H\nkWohJ/efYxpBfwO9d73PEc077rBOVuJl6iL6vMMy9q1W618nImettGhtydXU6sbS\nkBuGKqh1+1k2RzKeWyqoy2S/6183aGGaDxfkRVYBkqSWWBxaoW1F1Ww+f8JvAXEk\nxdOcoGSp1QKBgCLOjrWtyOxzCXUDhBfXCHnt02bwSCaJVAE+ZeOADPHUVfwbyvqy\nlwE+Kb7zBJDZ2GvWg1feFH1AbfxNbrjNABz1gehiiu1+R3KzbdChWyLnaBW/mBGZ\n7Uf1mRmcQTEEYItg4CfOKh+fOrZdBClOdWWQSYRxFrOgkarfsXlulKlJAoGBAOLe\nyvxXKYRoqlNE2nZk1Ah88h/7bsabPW/9z4H69mVQiJW8MsFxQ5AXy0BnrO3AxZfl\nxqzSzMT+fMDVXLR3UG1UQEAY3dYkXongvKTNBrXUGoeJ55MLb5Jmv1sz/GW+oLHV\nUfmFL9h1nlQ0YfDGkmuNdStV2YB0HkZa8sC5k+TJAoGAbabQMB/ILF+AkyLYIDuZ\nllWSh6qzodpwT1yIH4V40p+eKr+tvSnsWG1wzhgKn3Z+3O2Qlces5vqqGOgYPreG\nvVrmYghPIN+xEk9GYRYIw0BvMJUhuwIY3BFeU0cXTzsOGz5gC04sjZ6ANV4XE16m\nfDsuC3TtbVMOm1VO6HyvY1s=\n-----END PRIVATE KEY-----\n",
            "public_key_fingerprint_md5": "4f:4e:48:d5:ec:e6:ea:b9:03:ae:c2:ba:ca:38:70:f6",
            "public_key_fingerprint_sha256": "SHA256:7cr0TxIMyTlcWufHl8KDHSOoYX2dak6QTKBtyqzbjoQ",
            "public_key_openssh": "ssh-rsa AAAAB3NzaC1yc2EAAAADAQABAAABAQDEcfFcTKsL7FLiDapUZ7O33yt8vFCafnQ1f/z3cL5jgkNfWdRa9M/mjXXH/CO8xtYPSX73gmKf/UwykVVjntFmZkiUtymGMTmYSoj3aggGK59eoTZfbsDM9e7UDAI1J4rUIv0hhHH2W0lhkT7IPs04AjzO6a98ioNnP6XN7tNMJOBDoOmiR6MQz1Atsmrk1z1Z68lWMBB0dVq7cod7qaBzD7xXNeP7OORv7ojVk0PeBXJJ5oTNdsmDP0DVUipy0+lRG1vrcsqKY0Q2fo1C0KmSgFSQNNCzvQmT3Hd9qNuqEOzL/KARInjxb3ug2VeIOlJW7Ora+p6OoadmxX8PcffN\n",
            "public_key_pem": "-----BEGIN PUBLIC KEY-----\nMIIBIjANBgkqhkiG9w0BAQEFAAOCAQ8AMIIBCgKCAQEAxHHxXEyrC+xS4g2qVGez\nt98rfLxQmn50NX/893C+Y4JDX1nUWvTP5o11x/wjvMbWD0l+94Jin/1MMpFVY57R\nZmZIlLcphjE5mEqI92oIBiufXqE2X27AzPXu1AwCNSeK1CL9IYRx9ltJYZE+yD7N\nOAI8zumvfIqDZz+lze7TTCTgQ6DpokejEM9QLbJq5Nc9WevJVjAQdHVau3KHe6mg\ncw+8VzXj+zjkb+6I1ZND3gVySeaEzXbJgz9A1VIqctPpURtb63LKimNENn6NQtCp\nkoBUkDTQs70Jk9x3fajbqhDsy/ygESJ48W97oNlXiDpSVuzq2vqejqGnZsV/D3H3\nzQIDAQAB\n-----END PUBLIC KEY-----\n",
            "rsa_bits": 2048
          },
          "sensitive_attributes": [
            [
              {
                "type": "get_attr",
                "value": "private_key_pem_pkcs8"
              }
            ],
            [
              {
                "type": "get_attr",
                "value": "private_key_openssh"
              }
            ],
            [
              {
                "type": "get_attr",
                "value": "private_key_pem"
              }
            ]
          ]
        }
      ]
    }
  ],
  "check_results": null
}
